// !$*UTF8*$!
{
	archiveVersion = 1;
	classes = {
	};
	objectVersion = 56;
	objects = {

/* Begin PBXBuildFile section */
		D24591472B8E905A008F2E15 /* HoneymoonApp.swift in Sources */ = {isa = PBXBuildFile; fileRef = D24591462B8E905A008F2E15 /* HoneymoonApp.swift */; };
		D24591492B8E905A008F2E15 /* ContentView.swift in Sources */ = {isa = PBXBuildFile; fileRef = D24591482B8E905A008F2E15 /* ContentView.swift */; };
		D245914B2B8E905B008F2E15 /* Assets.xcassets in Resources */ = {isa = PBXBuildFile; fileRef = D245914A2B8E905B008F2E15 /* Assets.xcassets */; };
		D245914E2B8E905B008F2E15 /* Preview Assets.xcassets in Resources */ = {isa = PBXBuildFile; fileRef = D245914D2B8E905B008F2E15 /* Preview Assets.xcassets */; };
		D24591562B8E919E008F2E15 /* sound-rise.mp3 in Resources */ = {isa = PBXBuildFile; fileRef = D24591542B8E919D008F2E15 /* sound-rise.mp3 */; };
		D24591572B8E919E008F2E15 /* sound-click.mp3 in Resources */ = {isa = PBXBuildFile; fileRef = D24591552B8E919D008F2E15 /* sound-click.mp3 */; };
		D245915A2B8E92C4008F2E15 /* LaunchScreen.storyboard in Resources */ = {isa = PBXBuildFile; fileRef = D24591592B8E92C4008F2E15 /* LaunchScreen.storyboard */; };
		D2DD169E2B8E9627000D94D2 /* HoneymoonModel.swift in Sources */ = {isa = PBXBuildFile; fileRef = D2DD169D2B8E9627000D94D2 /* HoneymoonModel.swift */; };
		D2DD16A12B8E9683000D94D2 /* HoneymoonData.swift in Sources */ = {isa = PBXBuildFile; fileRef = D2DD16A02B8E9683000D94D2 /* HoneymoonData.swift */; };
		D2DD16A52B8E96FE000D94D2 /* CardView.swift in Sources */ = {isa = PBXBuildFile; fileRef = D2DD16A42B8E96FE000D94D2 /* CardView.swift */; };
		D2DD16A72B8E9A38000D94D2 /* HeaderView.swift in Sources */ = {isa = PBXBuildFile; fileRef = D2DD16A62B8E9A38000D94D2 /* HeaderView.swift */; };
		D2DD16A92B8E9C80000D94D2 /* FooterView.swift in Sources */ = {isa = PBXBuildFile; fileRef = D2DD16A82B8E9C80000D94D2 /* FooterView.swift */; };
		D2DD16AC2B8E9E18000D94D2 /* HeaderComponent.swift in Sources */ = {isa = PBXBuildFile; fileRef = D2DD16AB2B8E9E18000D94D2 /* HeaderComponent.swift */; };
		D2DD16AE2B8E9EF0000D94D2 /* GuideComponent.swift in Sources */ = {isa = PBXBuildFile; fileRef = D2DD16AD2B8E9EF0000D94D2 /* GuideComponent.swift */; };
		D2DD16B02B8EA122000D94D2 /* GuideView.swift in Sources */ = {isa = PBXBuildFile; fileRef = D2DD16AF2B8EA122000D94D2 /* GuideView.swift */; };
		D2DD16B22B8EAD01000D94D2 /* InfoView.swift in Sources */ = {isa = PBXBuildFile; fileRef = D2DD16B12B8EAD01000D94D2 /* InfoView.swift */; };
		D2DD16B42B8EADE0000D94D2 /* TitleModifier.swift in Sources */ = {isa = PBXBuildFile; fileRef = D2DD16B32B8EADE0000D94D2 /* TitleModifier.swift */; };
		D2DD16B72B8EAEF5000D94D2 /* ButtonModifier.swift in Sources */ = {isa = PBXBuildFile; fileRef = D2DD16B62B8EAEF5000D94D2 /* ButtonModifier.swift */; };
/* End PBXBuildFile section */

/* Begin PBXFileReference section */
		D24591432B8E905A008F2E15 /* Honeymoon.app */ = {isa = PBXFileReference; explicitFileType = wrapper.application; includeInIndex = 0; path = Honeymoon.app; sourceTree = BUILT_PRODUCTS_DIR; };
		D24591462B8E905A008F2E15 /* HoneymoonApp.swift */ = {isa = PBXFileReference; lastKnownFileType = sourcecode.swift; path = HoneymoonApp.swift; sourceTree = "<group>"; };
		D24591482B8E905A008F2E15 /* ContentView.swift */ = {isa = PBXFileReference; lastKnownFileType = sourcecode.swift; path = ContentView.swift; sourceTree = "<group>"; };
		D245914A2B8E905B008F2E15 /* Assets.xcassets */ = {isa = PBXFileReference; lastKnownFileType = folder.assetcatalog; path = Assets.xcassets; sourceTree = "<group>"; };
		D245914D2B8E905B008F2E15 /* Preview Assets.xcassets */ = {isa = PBXFileReference; lastKnownFileType = folder.assetcatalog; path = "Preview Assets.xcassets"; sourceTree = "<group>"; };
		D24591542B8E919D008F2E15 /* sound-rise.mp3 */ = {isa = PBXFileReference; lastKnownFileType = audio.mp3; path = "sound-rise.mp3"; sourceTree = "<group>"; };
		D24591552B8E919D008F2E15 /* sound-click.mp3 */ = {isa = PBXFileReference; lastKnownFileType = audio.mp3; path = "sound-click.mp3"; sourceTree = "<group>"; };
		D24591592B8E92C4008F2E15 /* LaunchScreen.storyboard */ = {isa = PBXFileReference; lastKnownFileType = file.storyboard; path = LaunchScreen.storyboard; sourceTree = "<group>"; };
		D2DD169D2B8E9627000D94D2 /* HoneymoonModel.swift */ = {isa = PBXFileReference; lastKnownFileType = sourcecode.swift; path = HoneymoonModel.swift; sourceTree = "<group>"; };
		D2DD16A02B8E9683000D94D2 /* HoneymoonData.swift */ = {isa = PBXFileReference; lastKnownFileType = sourcecode.swift; path = HoneymoonData.swift; sourceTree = "<group>"; };
		D2DD16A42B8E96FE000D94D2 /* CardView.swift */ = {isa = PBXFileReference; lastKnownFileType = sourcecode.swift; path = CardView.swift; sourceTree = "<group>"; };
		D2DD16A62B8E9A38000D94D2 /* HeaderView.swift */ = {isa = PBXFileReference; lastKnownFileType = sourcecode.swift; path = HeaderView.swift; sourceTree = "<group>"; };
		D2DD16A82B8E9C80000D94D2 /* FooterView.swift */ = {isa = PBXFileReference; lastKnownFileType = sourcecode.swift; path = FooterView.swift; sourceTree = "<group>"; };
		D2DD16AB2B8E9E18000D94D2 /* HeaderComponent.swift */ = {isa = PBXFileReference; lastKnownFileType = sourcecode.swift; path = HeaderComponent.swift; sourceTree = "<group>"; };
		D2DD16AD2B8E9EF0000D94D2 /* GuideComponent.swift */ = {isa = PBXFileReference; lastKnownFileType = sourcecode.swift; path = GuideComponent.swift; sourceTree = "<group>"; };
		D2DD16AF2B8EA122000D94D2 /* GuideView.swift */ = {isa = PBXFileReference; lastKnownFileType = sourcecode.swift; path = GuideView.swift; sourceTree = "<group>"; };
		D2DD16B12B8EAD01000D94D2 /* InfoView.swift */ = {isa = PBXFileReference; lastKnownFileType = sourcecode.swift; path = InfoView.swift; sourceTree = "<group>"; };
		D2DD16B32B8EADE0000D94D2 /* TitleModifier.swift */ = {isa = PBXFileReference; lastKnownFileType = sourcecode.swift; path = TitleModifier.swift; sourceTree = "<group>"; };
		D2DD16B62B8EAEF5000D94D2 /* ButtonModifier.swift */ = {isa = PBXFileReference; lastKnownFileType = sourcecode.swift; path = ButtonModifier.swift; sourceTree = "<group>"; };
/* End PBXFileReference section */

/* Begin PBXFrameworksBuildPhase section */
		D24591402B8E905A008F2E15 /* Frameworks */ = {
			isa = PBXFrameworksBuildPhase;
			buildActionMask = 2147483647;
			files = (
			);
			runOnlyForDeploymentPostprocessing = 0;
		};
/* End PBXFrameworksBuildPhase section */

/* Begin PBXGroup section */
		D245913A2B8E905A008F2E15 = {
			isa = PBXGroup;
			children = (
				D24591452B8E905A008F2E15 /* Honeymoon */,
				D24591442B8E905A008F2E15 /* Products */,
			);
			sourceTree = "<group>";
		};
		D24591442B8E905A008F2E15 /* Products */ = {
			isa = PBXGroup;
			children = (
				D24591432B8E905A008F2E15 /* Honeymoon.app */,
			);
			name = Products;
			sourceTree = "<group>";
		};
		D24591452B8E905A008F2E15 /* Honeymoon */ = {
			isa = PBXGroup;
			children = (
				D2DD16AA2B8E9DFF000D94D2 /* Components */,
				D24591582B8E91A3008F2E15 /* Sounds */,
				D24591462B8E905A008F2E15 /* HoneymoonApp.swift */,
				D2DD16A32B8E96F0000D94D2 /* Views */,
				D245914A2B8E905B008F2E15 /* Assets.xcassets */,
				D245914C2B8E905B008F2E15 /* Preview Content */,
				D24591592B8E92C4008F2E15 /* LaunchScreen.storyboard */,
				D2DD169F2B8E962D000D94D2 /* Models */,
				D2DD16A22B8E968E000D94D2 /* Data */,
				D2DD16B52B8EAE08000D94D2 /* Modifiers */,
			);
			path = Honeymoon;
			sourceTree = "<group>";
		};
		D245914C2B8E905B008F2E15 /* Preview Content */ = {
			isa = PBXGroup;
			children = (
				D245914D2B8E905B008F2E15 /* Preview Assets.xcassets */,
			);
			path = "Preview Content";
			sourceTree = "<group>";
		};
		D24591582B8E91A3008F2E15 /* Sounds */ = {
			isa = PBXGroup;
			children = (
				D24591552B8E919D008F2E15 /* sound-click.mp3 */,
				D24591542B8E919D008F2E15 /* sound-rise.mp3 */,
			);
			path = Sounds;
			sourceTree = "<group>";
		};
		D2DD169F2B8E962D000D94D2 /* Models */ = {
			isa = PBXGroup;
			children = (
				D2DD169D2B8E9627000D94D2 /* HoneymoonModel.swift */,
			);
			path = Models;
			sourceTree = "<group>";
		};
		D2DD16A22B8E968E000D94D2 /* Data */ = {
			isa = PBXGroup;
			children = (
				D2DD16A02B8E9683000D94D2 /* HoneymoonData.swift */,
			);
			path = Data;
			sourceTree = "<group>";
		};
		D2DD16A32B8E96F0000D94D2 /* Views */ = {
			isa = PBXGroup;
			children = (
				D24591482B8E905A008F2E15 /* ContentView.swift */,
				D2DD16A42B8E96FE000D94D2 /* CardView.swift */,
				D2DD16A62B8E9A38000D94D2 /* HeaderView.swift */,
				D2DD16A82B8E9C80000D94D2 /* FooterView.swift */,
				D2DD16AF2B8EA122000D94D2 /* GuideView.swift */,
				D2DD16B12B8EAD01000D94D2 /* InfoView.swift */,
			);
			path = Views;
			sourceTree = "<group>";
		};
		D2DD16AA2B8E9DFF000D94D2 /* Components */ = {
			isa = PBXGroup;
			children = (
				D2DD16AB2B8E9E18000D94D2 /* HeaderComponent.swift */,
				D2DD16AD2B8E9EF0000D94D2 /* GuideComponent.swift */,
			);
			path = Components;
			sourceTree = "<group>";
		};
		D2DD16B52B8EAE08000D94D2 /* Modifiers */ = {
			isa = PBXGroup;
			children = (
				D2DD16B32B8EADE0000D94D2 /* TitleModifier.swift */,
				D2DD16B62B8EAEF5000D94D2 /* ButtonModifier.swift */,
			);
			path = Modifiers;
			sourceTree = "<group>";
		};
/* End PBXGroup section */

/* Begin PBXNativeTarget section */
		D24591422B8E905A008F2E15 /* Honeymoon */ = {
			isa = PBXNativeTarget;
			buildConfigurationList = D24591512B8E905C008F2E15 /* Build configuration list for PBXNativeTarget "Honeymoon" */;
			buildPhases = (
				D245913F2B8E905A008F2E15 /* Sources */,
				D24591402B8E905A008F2E15 /* Frameworks */,
				D24591412B8E905A008F2E15 /* Resources */,
			);
			buildRules = (
			);
			dependencies = (
			);
			name = Honeymoon;
			productName = Honeymoon;
			productReference = D24591432B8E905A008F2E15 /* Honeymoon.app */;
			productType = "com.apple.product-type.application";
		};
/* End PBXNativeTarget section */

/* Begin PBXProject section */
		D245913B2B8E905A008F2E15 /* Project object */ = {
			isa = PBXProject;
			attributes = {
				BuildIndependentTargetsInParallel = 1;
				LastSwiftUpdateCheck = 1520;
				LastUpgradeCheck = 1520;
				TargetAttributes = {
					D24591422B8E905A008F2E15 = {
						CreatedOnToolsVersion = 15.2;
					};
				};
			};
			buildConfigurationList = D245913E2B8E905A008F2E15 /* Build configuration list for PBXProject "Honeymoon" */;
			compatibilityVersion = "Xcode 14.0";
			developmentRegion = en;
			hasScannedForEncodings = 0;
			knownRegions = (
				en,
				Base,
			);
			mainGroup = D245913A2B8E905A008F2E15;
			productRefGroup = D24591442B8E905A008F2E15 /* Products */;
			projectDirPath = "";
			projectRoot = "";
			targets = (
				D24591422B8E905A008F2E15 /* Honeymoon */,
			);
		};
/* End PBXProject section */

/* Begin PBXResourcesBuildPhase section */
		D24591412B8E905A008F2E15 /* Resources */ = {
			isa = PBXResourcesBuildPhase;
			buildActionMask = 2147483647;
			files = (
				D24591562B8E919E008F2E15 /* sound-rise.mp3 in Resources */,
				D24591572B8E919E008F2E15 /* sound-click.mp3 in Resources */,
				D245914E2B8E905B008F2E15 /* Preview Assets.xcassets in Resources */,
				D245915A2B8E92C4008F2E15 /* LaunchScreen.storyboard in Resources */,
				D245914B2B8E905B008F2E15 /* Assets.xcassets in Resources */,
			);
			runOnlyForDeploymentPostprocessing = 0;
		};
/* End PBXResourcesBuildPhase section */

/* Begin PBXSourcesBuildPhase section */
		D245913F2B8E905A008F2E15 /* Sources */ = {
			isa = PBXSourcesBuildPhase;
			buildActionMask = 2147483647;
			files = (
				D2DD16A12B8E9683000D94D2 /* HoneymoonData.swift in Sources */,
				D2DD16B22B8EAD01000D94D2 /* InfoView.swift in Sources */,
				D2DD16A92B8E9C80000D94D2 /* FooterView.swift in Sources */,
				D2DD16B42B8EADE0000D94D2 /* TitleModifier.swift in Sources */,
				D2DD16A72B8E9A38000D94D2 /* HeaderView.swift in Sources */,
				D2DD169E2B8E9627000D94D2 /* HoneymoonModel.swift in Sources */,
				D2DD16B72B8EAEF5000D94D2 /* ButtonModifier.swift in Sources */,
				D2DD16AC2B8E9E18000D94D2 /* HeaderComponent.swift in Sources */,
				D24591492B8E905A008F2E15 /* ContentView.swift in Sources */,
				D24591472B8E905A008F2E15 /* HoneymoonApp.swift in Sources */,
				D2DD16A52B8E96FE000D94D2 /* CardView.swift in Sources */,
				D2DD16AE2B8E9EF0000D94D2 /* GuideComponent.swift in Sources */,
				D2DD16B02B8EA122000D94D2 /* GuideView.swift in Sources */,
			);
			runOnlyForDeploymentPostprocessing = 0;
		};
/* End PBXSourcesBuildPhase section */

/* Begin XCBuildConfiguration section */
		D245914F2B8E905B008F2E15 /* Debug */ = {
			isa = XCBuildConfiguration;
			buildSettings = {
				ALWAYS_SEARCH_USER_PATHS = NO;
				ASSETCATALOG_COMPILER_GENERATE_SWIFT_ASSET_SYMBOL_EXTENSIONS = YES;
				CLANG_ANALYZER_NONNULL = YES;
				CLANG_ANALYZER_NUMBER_OBJECT_CONVERSION = YES_AGGRESSIVE;
				CLANG_CXX_LANGUAGE_STANDARD = "gnu++20";
				CLANG_ENABLE_MODULES = YES;
				CLANG_ENABLE_OBJC_ARC = YES;
				CLANG_ENABLE_OBJC_WEAK = YES;
				CLANG_WARN_BLOCK_CAPTURE_AUTORELEASING = YES;
				CLANG_WARN_BOOL_CONVERSION = YES;
				CLANG_WARN_COMMA = YES;
				CLANG_WARN_CONSTANT_CONVERSION = YES;
				CLANG_WARN_DEPRECATED_OBJC_IMPLEMENTATIONS = YES;
				CLANG_WARN_DIRECT_OBJC_ISA_USAGE = YES_ERROR;
				CLANG_WARN_DOCUMENTATION_COMMENTS = YES;
				CLANG_WARN_EMPTY_BODY = YES;
				CLANG_WARN_ENUM_CONVERSION = YES;
				CLANG_WARN_INFINITE_RECURSION = YES;
				CLANG_WARN_INT_CONVERSION = YES;
				CLANG_WARN_NON_LITERAL_NULL_CONVERSION = YES;
				CLANG_WARN_OBJC_IMPLICIT_RETAIN_SELF = YES;
				CLANG_WARN_OBJC_LITERAL_CONVERSION = YES;
				CLANG_WARN_OBJC_ROOT_CLASS = YES_ERROR;
				CLANG_WARN_QUOTED_INCLUDE_IN_FRAMEWORK_HEADER = YES;
				CLANG_WARN_RANGE_LOOP_ANALYSIS = YES;
				CLANG_WARN_STRICT_PROTOTYPES = YES;
				CLANG_WARN_SUSPICIOUS_MOVE = YES;
				CLANG_WARN_UNGUARDED_AVAILABILITY = YES_AGGRESSIVE;
				CLANG_WARN_UNREACHABLE_CODE = YES;
				CLANG_WARN__DUPLICATE_METHOD_MATCH = YES;
				COPY_PHASE_STRIP = NO;
				DEBUG_INFORMATION_FORMAT = dwarf;
				ENABLE_STRICT_OBJC_MSGSEND = YES;
				ENABLE_TESTABILITY = YES;
				ENABLE_USER_SCRIPT_SANDBOXING = YES;
				GCC_C_LANGUAGE_STANDARD = gnu17;
				GCC_DYNAMIC_NO_PIC = NO;
				GCC_NO_COMMON_BLOCKS = YES;
				GCC_OPTIMIZATION_LEVEL = 0;
				GCC_PREPROCESSOR_DEFINITIONS = (
					"DEBUG=1",
					"$(inherited)",
				);
				GCC_WARN_64_TO_32_BIT_CONVERSION = YES;
				GCC_WARN_ABOUT_RETURN_TYPE = YES_ERROR;
				GCC_WARN_UNDECLARED_SELECTOR = YES;
				GCC_WARN_UNINITIALIZED_AUTOS = YES_AGGRESSIVE;
				GCC_WARN_UNUSED_FUNCTION = YES;
				GCC_WARN_UNUSED_VARIABLE = YES;
				IPHONEOS_DEPLOYMENT_TARGET = 17.2;
				LOCALIZATION_PREFERS_STRING_CATALOGS = YES;
				MTL_ENABLE_DEBUG_INFO = INCLUDE_SOURCE;
				MTL_FAST_MATH = YES;
				ONLY_ACTIVE_ARCH = YES;
				SDKROOT = iphoneos;
				SWIFT_ACTIVE_COMPILATION_CONDITIONS = "DEBUG $(inherited)";
				SWIFT_OPTIMIZATION_LEVEL = "-Onone";
			};
			name = Debug;
		};
		D24591502B8E905B008F2E15 /* Release */ = {
			isa = XCBuildConfiguration;
			buildSettings = {
				ALWAYS_SEARCH_USER_PATHS = NO;
				ASSETCATALOG_COMPILER_GENERATE_SWIFT_ASSET_SYMBOL_EXTENSIONS = YES;
				CLANG_ANALYZER_NONNULL = YES;
				CLANG_ANALYZER_NUMBER_OBJECT_CONVERSION = YES_AGGRESSIVE;
				CLANG_CXX_LANGUAGE_STANDARD = "gnu++20";
				CLANG_ENABLE_MODULES = YES;
				CLANG_ENABLE_OBJC_ARC = YES;
				CLANG_ENABLE_OBJC_WEAK = YES;
				CLANG_WARN_BLOCK_CAPTURE_AUTORELEASING = YES;
				CLANG_WARN_BOOL_CONVERSION = YES;
				CLANG_WARN_COMMA = YES;
				CLANG_WARN_CONSTANT_CONVERSION = YES;
				CLANG_WARN_DEPRECATED_OBJC_IMPLEMENTATIONS = YES;
				CLANG_WARN_DIRECT_OBJC_ISA_USAGE = YES_ERROR;
				CLANG_WARN_DOCUMENTATION_COMMENTS = YES;
				CLANG_WARN_EMPTY_BODY = YES;
				CLANG_WARN_ENUM_CONVERSION = YES;
				CLANG_WARN_INFINITE_RECURSION = YES;
				CLANG_WARN_INT_CONVERSION = YES;
				CLANG_WARN_NON_LITERAL_NULL_CONVERSION = YES;
				CLANG_WARN_OBJC_IMPLICIT_RETAIN_SELF = YES;
				CLANG_WARN_OBJC_LITERAL_CONVERSION = YES;
				CLANG_WARN_OBJC_ROOT_CLASS = YES_ERROR;
				CLANG_WARN_QUOTED_INCLUDE_IN_FRAMEWORK_HEADER = YES;
				CLANG_WARN_RANGE_LOOP_ANALYSIS = YES;
				CLANG_WARN_STRICT_PROTOTYPES = YES;
				CLANG_WARN_SUSPICIOUS_MOVE = YES;
				CLANG_WARN_UNGUARDED_AVAILABILITY = YES_AGGRESSIVE;
				CLANG_WARN_UNREACHABLE_CODE = YES;
				CLANG_WARN__DUPLICATE_METHOD_MATCH = YES;
				COPY_PHASE_STRIP = NO;
				DEBUG_INFORMATION_FORMAT = "dwarf-with-dsym";
				ENABLE_NS_ASSERTIONS = NO;
				ENABLE_STRICT_OBJC_MSGSEND = YES;
				ENABLE_USER_SCRIPT_SANDBOXING = YES;
				GCC_C_LANGUAGE_STANDARD = gnu17;
				GCC_NO_COMMON_BLOCKS = YES;
				GCC_WARN_64_TO_32_BIT_CONVERSION = YES;
				GCC_WARN_ABOUT_RETURN_TYPE = YES_ERROR;
				GCC_WARN_UNDECLARED_SELECTOR = YES;
				GCC_WARN_UNINITIALIZED_AUTOS = YES_AGGRESSIVE;
				GCC_WARN_UNUSED_FUNCTION = YES;
				GCC_WARN_UNUSED_VARIABLE = YES;
				IPHONEOS_DEPLOYMENT_TARGET = 17.2;
				LOCALIZATION_PREFERS_STRING_CATALOGS = YES;
				MTL_ENABLE_DEBUG_INFO = NO;
				MTL_FAST_MATH = YES;
				SDKROOT = iphoneos;
				SWIFT_COMPILATION_MODE = wholemodule;
				VALIDATE_PRODUCT = YES;
			};
			name = Release;
		};
		D24591522B8E905C008F2E15 /* Debug */ = {
			isa = XCBuildConfiguration;
			buildSettings = {
				ASSETCATALOG_COMPILER_APPICON_NAME = AppIcon;
				ASSETCATALOG_COMPILER_GLOBAL_ACCENT_COLOR_NAME = AccentColor;
				CODE_SIGN_STYLE = Automatic;
				CURRENT_PROJECT_VERSION = 1;
				DEVELOPMENT_ASSET_PATHS = "\"Honeymoon/Preview Content\"";
				DEVELOPMENT_TEAM = K6M8KNJT3U;
				ENABLE_PREVIEWS = YES;
				GENERATE_INFOPLIST_FILE = YES;
				INFOPLIST_KEY_UIApplicationSceneManifest_Generation = YES;
				INFOPLIST_KEY_UIApplicationSupportsIndirectInputEvents = YES;
				INFOPLIST_KEY_UILaunchScreen_Generation = YES;
				INFOPLIST_KEY_UILaunchStoryboardName = LaunchScreen.storyboard;
				INFOPLIST_KEY_UISupportedInterfaceOrientations = UIInterfaceOrientationPortrait;
				INFOPLIST_KEY_UISupportedInterfaceOrientations_iPad = "UIInterfaceOrientationLandscapeLeft UIInterfaceOrientationLandscapeRight UIInterfaceOrientationPortrait UIInterfaceOrientationPortraitUpsideDown";
				LD_RUNPATH_SEARCH_PATHS = (
					"$(inherited)",
					"@executable_path/Frameworks",
				);
				MARKETING_VERSION = 1.0;
				PRODUCT_BUNDLE_IDENTIFIER = com.SevenSoftware.Honeymoon;
				PRODUCT_NAME = "$(TARGET_NAME)";
				SWIFT_EMIT_LOC_STRINGS = YES;
				SWIFT_VERSION = 5.0;
				TARGETED_DEVICE_FAMILY = "1,2";
			};
			name = Debug;
		};
		D24591532B8E905C008F2E15 /* Release */ = {
			isa = XCBuildConfiguration;
			buildSettings = {
				ASSETCATALOG_COMPILER_APPICON_NAME = AppIcon;
				ASSETCATALOG_COMPILER_GLOBAL_ACCENT_COLOR_NAME = AccentColor;
				CODE_SIGN_STYLE = Automatic;
				CURRENT_PROJECT_VERSION = 1;
				DEVELOPMENT_ASSET_PATHS = "\"Honeymoon/Preview Content\"";
				DEVELOPMENT_TEAM = K6M8KNJT3U;
				ENABLE_PREVIEWS = YES;
				GENERATE_INFOPLIST_FILE = YES;
				INFOPLIST_KEY_UIApplicationSceneManifest_Generation = YES;
				INFOPLIST_KEY_UIApplicationSupportsIndirectInputEvents = YES;
				INFOPLIST_KEY_UILaunchScreen_Generation = YES;
				INFOPLIST_KEY_UILaunchStoryboardName = LaunchScreen.storyboard;
				INFOPLIST_KEY_UISupportedInterfaceOrientations = UIInterfaceOrientationPortrait;
				INFOPLIST_KEY_UISupportedInterfaceOrientations_iPad = "UIInterfaceOrientationLandscapeLeft UIInterfaceOrientationLandscapeRight UIInterfaceOrientationPortrait UIInterfaceOrientationPortraitUpsideDown";
				LD_RUNPATH_SEARCH_PATHS = (
					"$(inherited)",
					"@executable_path/Frameworks",
				);
				MARKETING_VERSION = 1.0;
				PRODUCT_BUNDLE_IDENTIFIER = com.SevenSoftware.Honeymoon;
				PRODUCT_NAME = "$(TARGET_NAME)";
				SWIFT_EMIT_LOC_STRINGS = YES;
				SWIFT_VERSION = 5.0;
				TARGETED_DEVICE_FAMILY = "1,2";
			};
			name = Release;
		};
/* End XCBuildConfiguration section */

/* Begin XCConfigurationList section */
		D245913E2B8E905A008F2E15 /* Build configuration list for PBXProject "Honeymoon" */ = {
			isa = XCConfigurationList;
			buildConfigurations = (
				D245914F2B8E905B008F2E15 /* Debug */,
				D24591502B8E905B008F2E15 /* Release */,
			);
			defaultConfigurationIsVisible = 0;
			defaultConfigurationName = Release;
		};
		D24591512B8E905C008F2E15 /* Build configuration list for PBXNativeTarget "Honeymoon" */ = {
			isa = XCConfigurationList;
			buildConfigurations = (
				D24591522B8E905C008F2E15 /* Debug */,
				D24591532B8E905C008F2E15 /* Release */,
			);
			defaultConfigurationIsVisible = 0;
			defaultConfigurationName = Release;
		};
/* End XCConfigurationList section */
	};
	rootObject = D245913B2B8E905A008F2E15 /* Project object */;
}
